{
  "name": "fast-ds-provider-interop",
  "version": "1.0.0",
  "lockfileVersion": 1,
  "requires": true,
  "dependencies": {
    "@microsoft/fast-colors": {
      "version": "5.1.0",
      "resolved": "https://registry.npmjs.org/@microsoft/fast-colors/-/fast-colors-5.1.0.tgz",
      "integrity": "sha512-u4R/sfF4SoKSAyDWJaBSDuVo4aGf1BXntlEWukC+1ubH36C6JmmdLSyyip5TQZiTqjQIy3uctcbepPi7oGI0Rw=="
    },
    "@microsoft/fast-components-class-name-contracts-base": {
      "version": "4.8.0",
      "resolved": "https://registry.npmjs.org/@microsoft/fast-components-class-name-contracts-base/-/fast-components-class-name-contracts-base-4.8.0.tgz",
      "integrity": "sha512-Dns5cmvh9zrFFeoy+hrqn+HvdtABi1uAXXbwudJCPQoBtnWqGeY7Y6iCLAq63h7xTbhi9SoFaOScTBkvpKXzYQ=="
    },
    "@microsoft/fast-components-class-name-contracts-msft": {
      "version": "4.9.0",
      "resolved": "https://registry.npmjs.org/@microsoft/fast-components-class-name-contracts-msft/-/fast-components-class-name-contracts-msft-4.9.0.tgz",
      "integrity": "sha512-RZCNylziTk+0G9wG1ngnGnojdyfXEAQTM6honXpXlvWz9b8YkN7aTsFP0xUzgMuKluSrMGQ1oG84p22DzieHxA==",
      "requires": {
        "@microsoft/fast-components-class-name-contracts-base": "^4.8.0"
      }
    },
    "@microsoft/fast-components-msft": {
      "version": "1.6.0",
      "resolved": "https://registry.npmjs.org/@microsoft/fast-components-msft/-/fast-components-msft-1.6.0.tgz",
      "integrity": "sha512-5UgAkTkmYXAwBNEMdR3I5Cn60um0yxTLKzUFCUMaYj3v9XDkXv5SpuECrVaytdrH1UnxggKTjrc97eErDXrKng==",
      "requires": {
        "@microsoft/fast-colors": "^5.1.0",
        "@microsoft/fast-components-styles-msft": "^4.29.0",
        "@microsoft/fast-element": "^0.15.1",
        "@microsoft/fast-foundation": "^1.5.0",
        "tslib": "^1.13.0"
      }
    },
    "@microsoft/fast-components-styles-msft": {
      "version": "4.29.0",
      "resolved": "https://registry.npmjs.org/@microsoft/fast-components-styles-msft/-/fast-components-styles-msft-4.29.0.tgz",
      "integrity": "sha512-z5B/SAyffS7OONqja0isdp7ugE2L3+qK41e+6MlcYIaZ34h5x3ThOAjkSFWP4bAHXkYi2AOcTvfdnE+cIuwC/Q==",
      "requires": {
        "@microsoft/fast-colors": "^5.1.0",
        "@microsoft/fast-components-class-name-contracts-base": "^4.8.0",
        "@microsoft/fast-components-class-name-contracts-msft": "^4.9.0",
        "@microsoft/fast-jss-manager": "^4.2.0",
        "@microsoft/fast-jss-utilities": "^4.8.0",
        "@microsoft/fast-web-utilities": "^4.6.0"
      }
    },
    "@microsoft/fast-element": {
      "version": "0.15.2",
      "resolved": "https://registry.npmjs.org/@microsoft/fast-element/-/fast-element-0.15.2.tgz",
      "integrity": "sha512-+0fr39Js88SqMgE6LBlnP33bYve5PiAbonRS5+DypAYORHC7yNbSBntDsv5fJYvzU+H2w7N87Ctjvd/OEWidng=="
    },
    "@microsoft/fast-foundation": {
      "version": "1.6.0",
      "resolved": "https://registry.npmjs.org/@microsoft/fast-foundation/-/fast-foundation-1.6.0.tgz",
      "integrity": "sha512-swG0GEI4kFkOD8zx6No3Zu4Nre2EUKWpzHXum1ZNFpQhrjo0arggCJkYFOzCHlyrfniqoNUgkcH5xLmr6O5ucw==",
      "requires": {
        "@microsoft/fast-element": "^0.15.2",
        "@microsoft/fast-web-utilities": "^4.6.0",
        "@microsoft/tsdoc-config": "^0.13.4",
        "tabbable": "^4.0.0",
        "tslib": "^1.13.0"
      }
    },
    "@microsoft/fast-jss-manager": {
      "version": "4.2.0",
      "resolved": "https://registry.npmjs.org/@microsoft/fast-jss-manager/-/fast-jss-manager-4.2.0.tgz",
      "integrity": "sha512-2ubd6aOgBnF8CHzMnS9mzDAGPK9/3swgUf9fQ9tTWk6EIsdvwJw+auAzZEfM2xWWM6Tphyp+/XQFmMuvyO2ydw==",
      "requires": {
        "@microsoft/fast-components-class-name-contracts-base": "^4.8.0",
        "csstype": "^2.3.0"
      }
    },
    "@microsoft/fast-jss-manager-react": {
      "version": "4.8.0",
      "resolved": "https://registry.npmjs.org/@microsoft/fast-jss-manager-react/-/fast-jss-manager-react-4.8.0.tgz",
      "integrity": "sha512-DMTN3I4RWCXQDQ05BsBDCx/xEokZAgRvAYY7WqnjzERYA9k3Q407qgaQcqfKtjpEFzthjLWTemT2NJ5T2WgSNg==",
      "requires": {
        "@microsoft/fast-jss-manager": "^4.2.0",
        "hoist-non-react-statics": "^3.1.0",
        "jss": "^9.8.0",
        "jss-preset-default": "^4.3.0"
      }
    },
    "@microsoft/fast-jss-utilities": {
      "version": "4.8.0",
      "resolved": "https://registry.npmjs.org/@microsoft/fast-jss-utilities/-/fast-jss-utilities-4.8.0.tgz",
      "integrity": "sha512-gIkGUA07TjD2hlYJw79DChT+QkYtYLpdxquiGXYBfulI6JGkanAM7yRYYg9sSiKksYyZS7wgNfxA+DiVg5LYXA==",
      "requires": {
        "@microsoft/fast-colors": "^5.1.0",
        "@microsoft/fast-jss-manager": "^4.2.0",
        "@microsoft/fast-web-utilities": "^4.6.0",
        "csstype": "^2.3.0",
        "exenv-es6": "^1.0.0"
      }
    },
    "@microsoft/fast-web-utilities": {
      "version": "4.6.0",
      "resolved": "https://registry.npmjs.org/@microsoft/fast-web-utilities/-/fast-web-utilities-4.6.0.tgz",
      "integrity": "sha512-VB1YwsN8OM9usmaBZVCg8fBxyhAIYTP2Dtu2IL0N2dO37Pu84I0hLXhacRps6BbZXGDMz3LQIg8xF893hqwVuw==",
      "requires": {
        "exenv-es6": "^1.0.0"
      }
    },
    "@microsoft/tsdoc": {
      "version": "0.12.20",
      "resolved": "https://registry.npmjs.org/@microsoft/tsdoc/-/tsdoc-0.12.20.tgz",
      "integrity": "sha512-/b13m37QZYPV6nCOiqkFyvlQjlTNvAcQpgFZ6ZKIqtStJxNdqVo/frULubxMUMWi6p9Uo5f4BRlguv5ViFcL0A=="
    },
    "@microsoft/tsdoc-config": {
      "version": "0.13.5",
      "resolved": "https://registry.npmjs.org/@microsoft/tsdoc-config/-/tsdoc-config-0.13.5.tgz",
      "integrity": "sha512-KlnIdTRnPSsU9Coz9wzDAkT8JCLopP3ec1sgsgo7trwE6QLMKRpM4hZi2uzVX897SW49Q4f439auGBcQLnZQfA==",
      "requires": {
        "@microsoft/tsdoc": "0.12.20",
        "ajv": "~6.12.3",
        "jju": "~1.4.0",
        "resolve": "~1.12.0"
      }
    },
    "ajv": {
      "version": "6.12.3",
      "resolved": "https://registry.npmjs.org/ajv/-/ajv-6.12.3.tgz",
      "integrity": "sha512-4K0cK3L1hsqk9xIb2z9vs/XU+PGJZ9PNpJRDS9YLzmNdX6jmVPfamLvTJr0aDAusnHyCHO6MjzlkAsgtqp9teA==",
      "requires": {
        "fast-deep-equal": "^3.1.1",
        "fast-json-stable-stringify": "^2.0.0",
        "json-schema-traverse": "^0.4.1",
        "uri-js": "^4.2.2"
      }
    },
    "css-vendor": {
      "version": "0.3.8",
      "resolved": "https://registry.npmjs.org/css-vendor/-/css-vendor-0.3.8.tgz",
      "integrity": "sha1-ZCHP0wNM5mT+dnOXL9ARn8KJQfo=",
      "requires": {
        "is-in-browser": "^1.0.2"
      }
    },
    "csstype": {
      "version": "2.6.13",
      "resolved": "https://registry.npmjs.org/csstype/-/csstype-2.6.13.tgz",
      "integrity": "sha512-ul26pfSQTZW8dcOnD2iiJssfXw0gdNVX9IJDH/X3K5DGPfj+fUYe3kB+swUY6BF3oZDxaID3AJt+9/ojSAE05A=="
    },
    "exenv-es6": {
      "version": "1.0.0",
      "resolved": "https://registry.npmjs.org/exenv-es6/-/exenv-es6-1.0.0.tgz",
      "integrity": "sha512-fcG/TX8Ruv9Ma6PBaiNsUrHRJzVzuFMP6LtPn/9iqR+nr9mcLeEOGzXQGLC5CVQSXGE98HtzW2mTZkrCA3XrDg=="
    },
    "fast-deep-equal": {
      "version": "3.1.3",
      "resolved": "https://registry.npmjs.org/fast-deep-equal/-/fast-deep-equal-3.1.3.tgz",
      "integrity": "sha512-f3qQ9oQy9j2AhBe/H9VC91wLmKBCCU/gDOnKNAYG5hswO7BLKj09Hc5HYNz9cGI++xlpDCIgDaitVs03ATR84Q=="
    },
    "fast-json-stable-stringify": {
      "version": "2.1.0",
      "resolved": "https://registry.npmjs.org/fast-json-stable-stringify/-/fast-json-stable-stringify-2.1.0.tgz",
      "integrity": "sha512-lhd/wF+Lk98HZoTCtlVraHtfh5XYijIjalXck7saUtuanSDyLMxnHhSXEDJqHxD7msR8D0uCmqlkwjCV8xvwHw=="
    },
    "hoist-non-react-statics": {
      "version": "3.3.2",
      "resolved": "https://registry.npmjs.org/hoist-non-react-statics/-/hoist-non-react-statics-3.3.2.tgz",
      "integrity": "sha512-/gGivxi8JPKWNm/W0jSmzcMPpfpPLc3dY/6GxhX2hQ9iGj3aDfklV4ET7NjKpSinLpJ5vafa9iiGIEZg10SfBw==",
      "requires": {
        "react-is": "^16.7.0"
      }
    },
    "hyphenate-style-name": {
      "version": "1.0.4",
      "resolved": "https://registry.npmjs.org/hyphenate-style-name/-/hyphenate-style-name-1.0.4.tgz",
      "integrity": "sha512-ygGZLjmXfPHj+ZWh6LwbC37l43MhfztxetbFCoYTM2VjkIUpeHgSNn7QIyVFj7YQ1Wl9Cbw5sholVJPzWvC2MQ=="
    },
    "is-in-browser": {
      "version": "1.1.3",
      "resolved": "https://registry.npmjs.org/is-in-browser/-/is-in-browser-1.1.3.tgz",
      "integrity": "sha1-Vv9NtoOgeMYILrldrX3GLh0E+DU="
    },
    "jju": {
      "version": "1.4.0",
      "resolved": "https://registry.npmjs.org/jju/-/jju-1.4.0.tgz",
      "integrity": "sha1-o6vicYryQaKykE+EpiWXDzia4yo="
    },
    "js-tokens": {
      "version": "4.0.0",
      "resolved": "https://registry.npmjs.org/js-tokens/-/js-tokens-4.0.0.tgz",
      "integrity": "sha512-RdJUflcE3cUzKiMqQgsCu06FPu9UdIJO0beYbPhHN4k6apgJtifcoCtT9bcxOpYBtpD2kCM6Sbzg4CausW/PKQ=="
    },
    "json-schema-traverse": {
      "version": "0.4.1",
      "resolved": "https://registry.npmjs.org/json-schema-traverse/-/json-schema-traverse-0.4.1.tgz",
      "integrity": "sha512-xbbCH5dCYU5T8LcEhhuh7HJ88HXuW3qsI3Y0zOZFKfZEHcpWiHU/Jxzk629Brsab/mMiHQti9wMP+845RPe3Vg=="
    },
    "jss": {
      "version": "9.8.7",
      "resolved": "https://registry.npmjs.org/jss/-/jss-9.8.7.tgz",
      "integrity": "sha512-awj3XRZYxbrmmrx9LUSj5pXSUfm12m8xzi/VKeqI1ZwWBtQ0kVPTs3vYs32t4rFw83CgFDukA8wKzOE9sMQnoQ==",
      "requires": {
        "is-in-browser": "^1.1.3",
        "symbol-observable": "^1.1.0",
        "warning": "^3.0.0"
      }
    },
    "jss-camel-case": {
      "version": "6.1.0",
      "resolved": "https://registry.npmjs.org/jss-camel-case/-/jss-camel-case-6.1.0.tgz",
      "integrity": "sha512-HPF2Q7wmNW1t79mCqSeU2vdd/vFFGpkazwvfHMOhPlMgXrJDzdj9viA2SaHk9ZbD5pfL63a8ylp4++irYbbzMQ==",
      "requires": {
        "hyphenate-style-name": "^1.0.2"
      }
    },
    "jss-compose": {
      "version": "5.0.0",
      "resolved": "https://registry.npmjs.org/jss-compose/-/jss-compose-5.0.0.tgz",
      "integrity": "sha512-YofRYuiA0+VbeOw0VjgkyO380sA4+TWDrW52nSluD9n+1FWOlDzNbgpZ/Sb3Y46+DcAbOS21W5jo6SAqUEiuwA==",
      "requires": {
        "warning": "^3.0.0"
      }
    },
    "jss-default-unit": {
      "version": "8.0.2",
      "resolved": "https://registry.npmjs.org/jss-default-unit/-/jss-default-unit-8.0.2.tgz",
      "integrity": "sha512-WxNHrF/18CdoAGw2H0FqOEvJdREXVXLazn7PQYU7V6/BWkCV0GkmWsppNiExdw8dP4TU1ma1dT9zBNJ95feLmg=="
    },
    "jss-expand": {
      "version": "5.3.0",
      "resolved": "https://registry.npmjs.org/jss-expand/-/jss-expand-5.3.0.tgz",
      "integrity": "sha512-NiM4TbDVE0ykXSAw6dfFmB1LIqXP/jdd0ZMnlvlGgEMkMt+weJIl8Ynq1DsuBY9WwkNyzWktdqcEW2VN0RAtQg=="
    },
    "jss-extend": {
      "version": "6.2.0",
      "resolved": "https://registry.npmjs.org/jss-extend/-/jss-extend-6.2.0.tgz",
      "integrity": "sha512-YszrmcB6o9HOsKPszK7NeDBNNjVyiW864jfoiHoMlgMIg2qlxKw70axZHqgczXHDcoyi/0/ikP1XaHDPRvYtEA==",
      "requires": {
        "warning": "^3.0.0"
      }
    },
    "jss-global": {
      "version": "3.0.0",
      "resolved": "https://registry.npmjs.org/jss-global/-/jss-global-3.0.0.tgz",
      "integrity": "sha512-wxYn7vL+TImyQYGAfdplg7yaxnPQ9RaXY/cIA8hawaVnmmWxDHzBK32u1y+RAvWboa3lW83ya3nVZ/C+jyjZ5Q=="
    },
    "jss-nested": {
      "version": "6.0.1",
      "resolved": "https://registry.npmjs.org/jss-nested/-/jss-nested-6.0.1.tgz",
      "integrity": "sha512-rn964TralHOZxoyEgeq3hXY8hyuCElnvQoVrQwKHVmu55VRDd6IqExAx9be5HgK0yN/+hQdgAXQl/GUrBbbSTA==",
      "requires": {
        "warning": "^3.0.0"
      }
    },
    "jss-preset-default": {
      "version": "4.5.0",
      "resolved": "https://registry.npmjs.org/jss-preset-default/-/jss-preset-default-4.5.0.tgz",
      "integrity": "sha512-qZbpRVtHT7hBPpZEBPFfafZKWmq3tA/An5RNqywDsZQGrlinIF/mGD9lmj6jGqu8GrED2SMHZ3pPKLmjCZoiaQ==",
      "requires": {
        "jss-camel-case": "^6.1.0",
        "jss-compose": "^5.0.0",
        "jss-default-unit": "^8.0.2",
        "jss-expand": "^5.3.0",
        "jss-extend": "^6.2.0",
        "jss-global": "^3.0.0",
        "jss-nested": "^6.0.1",
        "jss-props-sort": "^6.0.0",
        "jss-template": "^1.0.1",
        "jss-vendor-prefixer": "^7.0.0"
      }
    },
    "jss-props-sort": {
      "version": "6.0.0",
      "resolved": "https://registry.npmjs.org/jss-props-sort/-/jss-props-sort-6.0.0.tgz",
      "integrity": "sha512-E89UDcrphmI0LzmvYk25Hp4aE5ZBsXqMWlkFXS0EtPkunJkRr+WXdCNYbXbksIPnKlBenGB9OxzQY+mVc70S+g=="
    },
    "jss-template": {
      "version": "1.0.1",
      "resolved": "https://registry.npmjs.org/jss-template/-/jss-template-1.0.1.tgz",
      "integrity": "sha512-m5BqEWha17fmIVXm1z8xbJhY6GFJxNB9H68GVnCWPyGYfxiAgY9WTQyvDAVj+pYRgrXSOfN5V1T4+SzN1sJTeg==",
      "requires": {
        "warning": "^3.0.0"
      }
    },
    "jss-vendor-prefixer": {
      "version": "7.0.0",
      "resolved": "https://registry.npmjs.org/jss-vendor-prefixer/-/jss-vendor-prefixer-7.0.0.tgz",
      "integrity": "sha512-Agd+FKmvsI0HLcYXkvy8GYOw3AAASBUpsmIRvVQheps+JWaN892uFOInTr0DRydwaD91vSSUCU4NssschvF7MA==",
      "requires": {
        "css-vendor": "^0.3.8"
      }
    },
    "lodash-es": {
      "version": "4.17.15",
      "resolved": "https://registry.npmjs.org/lodash-es/-/lodash-es-4.17.15.tgz",
      "integrity": "sha512-rlrc3yU3+JNOpZ9zj5pQtxnx2THmvRykwL4Xlxoa8I9lHBlVbbyPhgyPMioxVZ4NqyxaVVtaJnzsyOidQIhyyQ=="
    },
    "loose-envify": {
      "version": "1.4.0",
      "resolved": "https://registry.npmjs.org/loose-envify/-/loose-envify-1.4.0.tgz",
      "integrity": "sha512-lyuxPGr/Wfhrlem2CL/UcnUc1zcqKAImBDzukY7Y5F/yQiNdko6+fRLevlw1HgMySw7f611UIY408EtxRSoK3Q==",
      "requires": {
        "js-tokens": "^3.0.0 || ^4.0.0"
      }
    },
    "object-assign": {
      "version": "4.1.1",
      "resolved": "https://registry.npmjs.org/object-assign/-/object-assign-4.1.1.tgz",
      "integrity": "sha1-IQmtx5ZYh8/AXLvUQsrIv7s2CGM="
    },
    "path-parse": {
      "version": "1.0.6",
      "resolved": "https://registry.npmjs.org/path-parse/-/path-parse-1.0.6.tgz",
      "integrity": "sha512-GSmOT2EbHrINBf9SR7CDELwlJ8AENk3Qn7OikK4nFYAu3Ote2+JYNVvkpAEQm3/TLNEJFD/xZJjzyxg3KBWOzw=="
    },
    "prop-types": {
      "version": "15.7.2",
      "resolved": "https://registry.npmjs.org/prop-types/-/prop-types-15.7.2.tgz",
      "integrity": "sha512-8QQikdH7//R2vurIJSutZ1smHYTcLpRWEOlHnzcWHmBYrOGUysKwSsrC89BCiFj3CbrfJ/nXFdJepOVrY1GCHQ==",
      "requires": {
        "loose-envify": "^1.4.0",
        "object-assign": "^4.1.1",
        "react-is": "^16.8.1"
      }
    },
    "punycode": {
      "version": "2.1.1",
      "resolved": "https://registry.npmjs.org/punycode/-/punycode-2.1.1.tgz",
      "integrity": "sha512-XRsRjdf+j5ml+y/6GKHPZbrF/8p2Yga0JPtdqTIY2Xe5ohJPD9saDJJLPvp9+NSBprVvevdXZybnj2cv8OEd0A=="
    },
    "react": {
      "version": "16.13.1",
      "resolved": "https://registry.npmjs.org/react/-/react-16.13.1.tgz",
      "integrity": "sha512-YMZQQq32xHLX0bz5Mnibv1/LHb3Sqzngu7xstSM+vrkE5Kzr9xE0yMByK5kMoTK30YVJE61WfbxIFFvfeDKT1w==",
      "requires": {
        "loose-envify": "^1.1.0",
        "object-assign": "^4.1.1",
        "prop-types": "^15.6.2"
      }
    },
    "react-is": {
      "version": "16.13.1",
      "resolved": "https://registry.npmjs.org/react-is/-/react-is-16.13.1.tgz",
      "integrity": "sha512-24e6ynE2H+OKt4kqsOvNd8kBpV65zoxbA4BVsEOB3ARVWQki/DHzaUoC5KuON/BiccDaCCTZBuOcfZs70kR8bQ=="
    },
    "resolve": {
      "version": "1.12.3",
      "resolved": "https://registry.npmjs.org/resolve/-/resolve-1.12.3.tgz",
      "integrity": "sha512-hF6+hAPlxjqHWrw4p1rF3Wztbgxd4AjA5VlUzY5zcTb4J8D3JK4/1RjU48pHz2PJWzGVsLB1VWZkvJzhK2CCOA==",
      "requires": {
        "path-parse": "^1.0.6"
      }
    },
    "symbol-observable": {
      "version": "1.2.0",
      "resolved": "https://registry.npmjs.org/symbol-observable/-/symbol-observable-1.2.0.tgz",
      "integrity": "sha512-e900nM8RRtGhlV36KGEU9k65K3mPb1WV70OdjfxlG2EAuM1noi/E/BaW/uMhL7bPEssK8QV57vN3esixjUvcXQ=="
    },
    "tabbable": {
      "version": "4.0.0",
      "resolved": "https://registry.npmjs.org/tabbable/-/tabbable-4.0.0.tgz",
      "integrity": "sha512-H1XoH1URcBOa/rZZWxLxHCtOdVUEev+9vo5YdYhC9tCY4wnybX+VQrCYuy9ubkg69fCBxCONJOSLGfw0DWMffQ=="
    },
    "tslib": {
      "version": "1.13.0",
      "resolved": "https://registry.npmjs.org/tslib/-/tslib-1.13.0.tgz",
      "integrity": "sha512-i/6DQjL8Xf3be4K/E6Wgpekn5Qasl1usyw++dAA35Ue5orEn65VIxOA+YvNNl9HV3qv70T7CNwjODHZrLwvd1Q=="
    },
    "uri-js": {
      "version": "4.2.2",
      "resolved": "https://registry.npmjs.org/uri-js/-/uri-js-4.2.2.tgz",
      "integrity": "sha512-KY9Frmirql91X2Qgjry0Wd4Y+YTdrdZheS8TFwvkbLWf/G5KNJDCh6pKL5OZctEW4+0Baa5idK2ZQuELRwPznQ==",
      "requires": {
        "punycode": "^2.1.0"
      }
    },
    "warning": {
      "version": "3.0.0",
      "resolved": "https://registry.npmjs.org/warning/-/warning-3.0.0.tgz",
      "integrity": "sha1-MuU3fLVy3kqwR1O9+IIcAe1gW3w=",
      "requires": {
        "loose-envify": "^1.0.0"
      }
    }
  }
}
